
Microsoft Visual Studio Solution File, Format Version 12.00
# Visual Studio 2012
Project("{2150E333-8FDC-42A3-9474-1A3956D46DE8}") = "Basic-Tutorials", "Basic-Tutorials", "{BACA52B1-D365-42D0-9795-8B98CB16FA54}"
EndProject
Project("{2150E333-8FDC-42A3-9474-1A3956D46DE8}") = "Intermediate-Tutorials", "Intermediate-Tutorials", "{066F44B3-2D9D-4CA1-A559-4AD5F36B3519}"
EndProject
Project("{2150E333-8FDC-42A3-9474-1A3956D46DE8}") = "MadMarx-Tutorials", "MadMarx-Tutorials", "{C7176B2A-5C0F-4570-8E2C-EEF119953177}"
EndProject
Project("{2150E333-8FDC-42A3-9474-1A3956D46DE8}") = "Depth-Tutorials", "Depth-Tutorials", "{5802D3A0-EEC9-43D9-9636-DA8067B434D9}"
EndProject
Project("{8BC9CEB8-8B4A-11D0-8D11-00A0C91BC942}") = "ch01-First-Scene", "src\Basic-Tutorials\ch01-First-Scene\ch01-First-Scene.vcxproj", "{6E9DDEE7-E574-451B-8EAB-C224F9BB51A1}"
EndProject
Project("{8BC9CEB8-8B4A-11D0-8D11-00A0C91BC942}") = "ch02-Light-Camera-Shadow", "src\Basic-Tutorials\ch02-Light-Camera-Shadow\ch02-Light-Camera-Shadow.vcxproj", "{47E62E4D-C40D-4C73-A593-FBAD83C668A5}"
EndProject
Project("{8BC9CEB8-8B4A-11D0-8D11-00A0C91BC942}") = "ch03-Terrain-Sky-Fog", "src\Basic-Tutorials\ch03-Terrain-Sky-Fog\ch03-Terrain-Sky-Fog.vcxproj", "{B468B175-E24E-411D-843E-5AD712B18CC6}"
EndProject
Project("{8BC9CEB8-8B4A-11D0-8D11-00A0C91BC942}") = "ch04-Unbuffered-Input-Listeners", "src\Basic-Tutorials\ch04-Unbuffered-Input-Listeners\ch04-Unbuffered-Input-Listeners.vcxproj", "{C0953D39-97BD-4BEB-ABCC-658DE88AD366}"
EndProject
Project("{8BC9CEB8-8B4A-11D0-8D11-00A0C91BC942}") = "ch05-Buffered-Input", "src\Basic-Tutorials\ch05-Buffered-Input\ch05-Buffered-Input.vcxproj", "{470836BF-A721-467D-BC0F-ED1CEE661476}"
EndProject
Project("{8BC9CEB8-8B4A-11D0-8D11-00A0C91BC942}") = "ch07-CEGUI-Ogre", "src\Basic-Tutorials\ch07-CEGUI-Ogre\ch07-CEGUI-Ogre.vcxproj", "{B9F7E971-9A54-49DC-9B5E-FFC113EB8967}"
EndProject
Project("{8BC9CEB8-8B4A-11D0-8D11-00A0C91BC942}") = "ch08-Multiple-SceneManagers", "src\Basic-Tutorials\ch08-Multiple-SceneManagers\ch08-Multiple-SceneManagers.vcxproj", "{88AFE98D-BAB3-4629-8580-331D7D0B9C22}"
EndProject
Project("{8BC9CEB8-8B4A-11D0-8D11-00A0C91BC942}") = "ch06-Framework", "src\Basic-Tutorials\ch06-Framework\ch06-Framework.vcxproj", "{00BEAB13-BED8-440A-9984-E8A4038AE4DB}"
EndProject
Project("{8BC9CEB8-8B4A-11D0-8D11-00A0C91BC942}") = "ch01-Simple-Begin", "src\MadMarx-Tutorials\ch01-Simple-Begin\ch01-Simple-Begin.vcxproj", "{33A8563D-3358-4925-973B-D6517293341F}"
EndProject
Project("{8BC9CEB8-8B4A-11D0-8D11-00A0C91BC942}") = "ch02-Empty-Scene", "src\MadMarx-Tutorials\ch02-Empty-Scene\ch02-Empty-Scene.vcxproj", "{C4C2078E-4F3D-4BC3-AE58-970C9B52438C}"
EndProject
Project("{8BC9CEB8-8B4A-11D0-8D11-00A0C91BC942}") = "ch03-ManualObject-Quad", "src\MadMarx-Tutorials\ch03-ManualObject-Quad\ch03-ManualObject-Quad.vcxproj", "{71799D61-6891-4191-B3DB-49FFE01C05B8}"
EndProject
Project("{8BC9CEB8-8B4A-11D0-8D11-00A0C91BC942}") = "ch04-ManualObject-Mesh", "src\MadMarx-Tutorials\ch04-ManualObject-Mesh\ch04-ManualObject-Mesh.vcxproj", "{D6520D37-47D4-44B6-BB6B-E6BE7030206D}"
EndProject
Project("{8BC9CEB8-8B4A-11D0-8D11-00A0C91BC942}") = "ch05-Mesh-Loading", "src\MadMarx-Tutorials\ch05-Mesh-Loading\ch05-Mesh-Loading.vcxproj", "{8D97800E-4CAB-4182-819B-A1CC7552F2E6}"
EndProject
Project("{8BC9CEB8-8B4A-11D0-8D11-00A0C91BC942}") = "ch06-Light", "src\MadMarx-Tutorials\ch06-Light\ch06-Light.vcxproj", "{F07F1847-A0E5-4A14-A494-57969535A392}"
EndProject
Project("{8BC9CEB8-8B4A-11D0-8D11-00A0C91BC942}") = "ch07-Material-1", "src\MadMarx-Tutorials\ch07-Material-1\ch07-Material-1.vcxproj", "{C875EBCD-529D-4EC1-90F4-A3D43B74F289}"
EndProject
Project("{8BC9CEB8-8B4A-11D0-8D11-00A0C91BC942}") = "ch08-Materail-2", "src\MadMarx-Tutorials\ch08-Materail-2\ch08-Materail-2.vcxproj", "{81415C11-BD80-4944-9F83-1AD83762FC9B}"
EndProject
Project("{8BC9CEB8-8B4A-11D0-8D11-00A0C91BC942}") = "ch09-RTT", "src\MadMarx-Tutorials\ch09-RTT\ch09-RTT.vcxproj", "{914313EB-DA77-4DE8-BD96-CC98FC9C5F5D}"
EndProject
Project("{8BC9CEB8-8B4A-11D0-8D11-00A0C91BC942}") = "ch10-RTT-Itself", "src\MadMarx-Tutorials\ch10-RTT-Itself\ch10-RTT-Itself.vcxproj", "{05717819-3C79-4675-92C9-7C77253CA209}"
EndProject
Project("{8BC9CEB8-8B4A-11D0-8D11-00A0C91BC942}") = "ch11-RTT-temp", "src\MadMarx-Tutorials\ch11-RTT-temp\ch11-RTT-temp.vcxproj", "{77F13DDE-2F91-4031-810B-BDCF375D4FB2}"
EndProject
Project("{8BC9CEB8-8B4A-11D0-8D11-00A0C91BC942}") = "ch12-Input-OIS", "src\MadMarx-Tutorials\ch12-Input-OIS\ch12-Input-OIS.vcxproj", "{16500D2A-0250-4F17-9890-C411F0F41A5C}"
EndProject
Project("{8BC9CEB8-8B4A-11D0-8D11-00A0C91BC942}") = "ch01-Animating", "src\Intermediate-Tutorials\ch01-Animating\ch01-Animating.vcxproj", "{691409A1-B289-4F26-8300-79413789E2D1}"
EndProject
Project("{8BC9CEB8-8B4A-11D0-8D11-00A0C91BC942}") = "ch02-Collision-Terrain", "src\Intermediate-Tutorials\ch02-Collision-Terrain\ch02-Collision-Terrain.vcxproj", "{2DC2A4C8-29B7-4F01-B20D-8C88A2CBD6C9}"
EndProject
Project("{8BC9CEB8-8B4A-11D0-8D11-00A0C91BC942}") = "ch03-Selecting-Masks", "src\Intermediate-Tutorials\ch03-Selecting-Masks\ch03-Selecting-Masks.vcxproj", "{59E3FA71-B09F-4B22-9EB8-C9914C4C1E6A}"
EndProject
Project("{8BC9CEB8-8B4A-11D0-8D11-00A0C91BC942}") = "ch04-Box-Selection", "src\Intermediate-Tutorials\ch04-Box-Selection\ch04-Box-Selection.vcxproj", "{130E8C76-D4C2-488C-ABF0-14D129D3DE31}"
EndProject
Project("{8BC9CEB8-8B4A-11D0-8D11-00A0C91BC942}") = "ch05-Static-Geometry", "src\Intermediate-Tutorials\ch05-Static-Geometry\ch05-Static-Geometry.vcxproj", "{6A6CD7FD-0F00-400E-8AFC-6C2A3D6380C8}"
EndProject
Project("{8BC9CEB8-8B4A-11D0-8D11-00A0C91BC942}") = "ch06-Projective-Decals", "src\Intermediate-Tutorials\ch06-Projective-Decals\ch06-Projective-Decals.vcxproj", "{413788A3-0A2F-462E-9174-584C3EB2849A}"
EndProject
Project("{8BC9CEB8-8B4A-11D0-8D11-00A0C91BC942}") = "ch07-RTT", "src\Intermediate-Tutorials\ch07-RTT\ch07-RTT.vcxproj", "{5A71C97C-4EC3-45A6-B087-CD457143EF84}"
EndProject
Project("{8BC9CEB8-8B4A-11D0-8D11-00A0C91BC942}") = "ch01-Basic-Framework", "src\Depth-Tutorials\ch01-Basic-Framework\ch01-Basic-Framework.vcxproj", "{61B2B9ED-2F21-44E2-9FDE-BFFB1B03EA13}"
EndProject
Project("{8BC9CEB8-8B4A-11D0-8D11-00A0C91BC942}") = "ch02-Advanced-Framework", "src\Depth-Tutorials\ch02-Advanced-Framework\ch02-Advanced-Framework.vcxproj", "{677E0C3F-3EE7-44D0-9750-CF521F3E4549}"
EndProject
Project("{8BC9CEB8-8B4A-11D0-8D11-00A0C91BC942}") = "ch03-Resource-Managers", "src\Depth-Tutorials\ch03-Resource-Managers\ch03-Resource-Managers.vcxproj", "{0A8AB25D-91B9-4942-AF64-D2A721858ED7}"
EndProject
Project("{8BC9CEB8-8B4A-11D0-8D11-00A0C91BC942}") = "ch04-Geometry-Batching", "src\Depth-Tutorials\ch04-Geometry-Batching\ch04-Geometry-Batching.vcxproj", "{3C0E6A63-AE38-445C-8D97-9253AE26C40D}"
EndProject
Project("{8BC9CEB8-8B4A-11D0-8D11-00A0C91BC942}") = "ch05-Practical-Application", "src\Depth-Tutorials\ch05-Practical-Application\ch05-Practical-Application.vcxproj", "{20BE1F7D-38CB-4410-84DF-97D160CD2991}"
EndProject
Project("{8BC9CEB8-8B4A-11D0-8D11-00A0C91BC942}") = "ch06-Quaternion", "src\Depth-Tutorials\ch06-Quaternion\ch06-Quaternion.vcxproj", "{AFF70EF6-3067-40D2-BDAD-A9C64E7ED606}"
EndProject
Project("{8BC9CEB8-8B4A-11D0-8D11-00A0C91BC942}") = "ch07-First-Person-Camera", "src\Depth-Tutorials\ch07-First-Person-Camera\ch07-First-Person-Camera.vcxproj", "{E0164BC9-F7C3-4921-8D80-DDCE6FAC2DF1}"
EndProject
Project("{8BC9CEB8-8B4A-11D0-8D11-00A0C91BC942}") = "ch08-3rd-Person-Camera", "src\Depth-Tutorials\ch08-3rd-Person-Camera\ch08-3rd-Person-Camera.vcxproj", "{107909A6-1DFB-4035-956E-D828D1413339}"
EndProject
Global
	GlobalSection(SolutionConfigurationPlatforms) = preSolution
		Debug|Win32 = Debug|Win32
		Release|Win32 = Release|Win32
	EndGlobalSection
	GlobalSection(ProjectConfigurationPlatforms) = postSolution
		{6E9DDEE7-E574-451B-8EAB-C224F9BB51A1}.Debug|Win32.ActiveCfg = Debug|Win32
		{6E9DDEE7-E574-451B-8EAB-C224F9BB51A1}.Debug|Win32.Build.0 = Debug|Win32
		{6E9DDEE7-E574-451B-8EAB-C224F9BB51A1}.Release|Win32.ActiveCfg = Release|Win32
		{6E9DDEE7-E574-451B-8EAB-C224F9BB51A1}.Release|Win32.Build.0 = Release|Win32
		{47E62E4D-C40D-4C73-A593-FBAD83C668A5}.Debug|Win32.ActiveCfg = Debug|Win32
		{47E62E4D-C40D-4C73-A593-FBAD83C668A5}.Debug|Win32.Build.0 = Debug|Win32
		{47E62E4D-C40D-4C73-A593-FBAD83C668A5}.Release|Win32.ActiveCfg = Release|Win32
		{47E62E4D-C40D-4C73-A593-FBAD83C668A5}.Release|Win32.Build.0 = Release|Win32
		{B468B175-E24E-411D-843E-5AD712B18CC6}.Debug|Win32.ActiveCfg = Debug|Win32
		{B468B175-E24E-411D-843E-5AD712B18CC6}.Debug|Win32.Build.0 = Debug|Win32
		{B468B175-E24E-411D-843E-5AD712B18CC6}.Release|Win32.ActiveCfg = Release|Win32
		{B468B175-E24E-411D-843E-5AD712B18CC6}.Release|Win32.Build.0 = Release|Win32
		{C0953D39-97BD-4BEB-ABCC-658DE88AD366}.Debug|Win32.ActiveCfg = Debug|Win32
		{C0953D39-97BD-4BEB-ABCC-658DE88AD366}.Debug|Win32.Build.0 = Debug|Win32
		{C0953D39-97BD-4BEB-ABCC-658DE88AD366}.Release|Win32.ActiveCfg = Release|Win32
		{C0953D39-97BD-4BEB-ABCC-658DE88AD366}.Release|Win32.Build.0 = Release|Win32
		{470836BF-A721-467D-BC0F-ED1CEE661476}.Debug|Win32.ActiveCfg = Debug|Win32
		{470836BF-A721-467D-BC0F-ED1CEE661476}.Debug|Win32.Build.0 = Debug|Win32
		{470836BF-A721-467D-BC0F-ED1CEE661476}.Release|Win32.ActiveCfg = Release|Win32
		{470836BF-A721-467D-BC0F-ED1CEE661476}.Release|Win32.Build.0 = Release|Win32
		{B9F7E971-9A54-49DC-9B5E-FFC113EB8967}.Debug|Win32.ActiveCfg = Debug|Win32
		{B9F7E971-9A54-49DC-9B5E-FFC113EB8967}.Debug|Win32.Build.0 = Debug|Win32
		{B9F7E971-9A54-49DC-9B5E-FFC113EB8967}.Release|Win32.ActiveCfg = Release|Win32
		{B9F7E971-9A54-49DC-9B5E-FFC113EB8967}.Release|Win32.Build.0 = Release|Win32
		{88AFE98D-BAB3-4629-8580-331D7D0B9C22}.Debug|Win32.ActiveCfg = Debug|Win32
		{88AFE98D-BAB3-4629-8580-331D7D0B9C22}.Debug|Win32.Build.0 = Debug|Win32
		{88AFE98D-BAB3-4629-8580-331D7D0B9C22}.Release|Win32.ActiveCfg = Release|Win32
		{88AFE98D-BAB3-4629-8580-331D7D0B9C22}.Release|Win32.Build.0 = Release|Win32
		{00BEAB13-BED8-440A-9984-E8A4038AE4DB}.Debug|Win32.ActiveCfg = Debug|Win32
		{00BEAB13-BED8-440A-9984-E8A4038AE4DB}.Debug|Win32.Build.0 = Debug|Win32
		{00BEAB13-BED8-440A-9984-E8A4038AE4DB}.Release|Win32.ActiveCfg = Release|Win32
		{00BEAB13-BED8-440A-9984-E8A4038AE4DB}.Release|Win32.Build.0 = Release|Win32
		{33A8563D-3358-4925-973B-D6517293341F}.Debug|Win32.ActiveCfg = Debug|Win32
		{33A8563D-3358-4925-973B-D6517293341F}.Debug|Win32.Build.0 = Debug|Win32
		{33A8563D-3358-4925-973B-D6517293341F}.Release|Win32.ActiveCfg = Release|Win32
		{33A8563D-3358-4925-973B-D6517293341F}.Release|Win32.Build.0 = Release|Win32
		{C4C2078E-4F3D-4BC3-AE58-970C9B52438C}.Debug|Win32.ActiveCfg = Debug|Win32
		{C4C2078E-4F3D-4BC3-AE58-970C9B52438C}.Debug|Win32.Build.0 = Debug|Win32
		{C4C2078E-4F3D-4BC3-AE58-970C9B52438C}.Release|Win32.ActiveCfg = Release|Win32
		{C4C2078E-4F3D-4BC3-AE58-970C9B52438C}.Release|Win32.Build.0 = Release|Win32
		{71799D61-6891-4191-B3DB-49FFE01C05B8}.Debug|Win32.ActiveCfg = Debug|Win32
		{71799D61-6891-4191-B3DB-49FFE01C05B8}.Debug|Win32.Build.0 = Debug|Win32
		{71799D61-6891-4191-B3DB-49FFE01C05B8}.Release|Win32.ActiveCfg = Release|Win32
		{71799D61-6891-4191-B3DB-49FFE01C05B8}.Release|Win32.Build.0 = Release|Win32
		{D6520D37-47D4-44B6-BB6B-E6BE7030206D}.Debug|Win32.ActiveCfg = Debug|Win32
		{D6520D37-47D4-44B6-BB6B-E6BE7030206D}.Debug|Win32.Build.0 = Debug|Win32
		{D6520D37-47D4-44B6-BB6B-E6BE7030206D}.Release|Win32.ActiveCfg = Release|Win32
		{D6520D37-47D4-44B6-BB6B-E6BE7030206D}.Release|Win32.Build.0 = Release|Win32
		{8D97800E-4CAB-4182-819B-A1CC7552F2E6}.Debug|Win32.ActiveCfg = Debug|Win32
		{8D97800E-4CAB-4182-819B-A1CC7552F2E6}.Debug|Win32.Build.0 = Debug|Win32
		{8D97800E-4CAB-4182-819B-A1CC7552F2E6}.Release|Win32.ActiveCfg = Release|Win32
		{8D97800E-4CAB-4182-819B-A1CC7552F2E6}.Release|Win32.Build.0 = Release|Win32
		{F07F1847-A0E5-4A14-A494-57969535A392}.Debug|Win32.ActiveCfg = Debug|Win32
		{F07F1847-A0E5-4A14-A494-57969535A392}.Debug|Win32.Build.0 = Debug|Win32
		{F07F1847-A0E5-4A14-A494-57969535A392}.Release|Win32.ActiveCfg = Release|Win32
		{F07F1847-A0E5-4A14-A494-57969535A392}.Release|Win32.Build.0 = Release|Win32
		{C875EBCD-529D-4EC1-90F4-A3D43B74F289}.Debug|Win32.ActiveCfg = Debug|Win32
		{C875EBCD-529D-4EC1-90F4-A3D43B74F289}.Debug|Win32.Build.0 = Debug|Win32
		{C875EBCD-529D-4EC1-90F4-A3D43B74F289}.Release|Win32.ActiveCfg = Release|Win32
		{C875EBCD-529D-4EC1-90F4-A3D43B74F289}.Release|Win32.Build.0 = Release|Win32
		{81415C11-BD80-4944-9F83-1AD83762FC9B}.Debug|Win32.ActiveCfg = Debug|Win32
		{81415C11-BD80-4944-9F83-1AD83762FC9B}.Debug|Win32.Build.0 = Debug|Win32
		{81415C11-BD80-4944-9F83-1AD83762FC9B}.Release|Win32.ActiveCfg = Release|Win32
		{81415C11-BD80-4944-9F83-1AD83762FC9B}.Release|Win32.Build.0 = Release|Win32
		{914313EB-DA77-4DE8-BD96-CC98FC9C5F5D}.Debug|Win32.ActiveCfg = Debug|Win32
		{914313EB-DA77-4DE8-BD96-CC98FC9C5F5D}.Debug|Win32.Build.0 = Debug|Win32
		{914313EB-DA77-4DE8-BD96-CC98FC9C5F5D}.Release|Win32.ActiveCfg = Release|Win32
		{914313EB-DA77-4DE8-BD96-CC98FC9C5F5D}.Release|Win32.Build.0 = Release|Win32
		{05717819-3C79-4675-92C9-7C77253CA209}.Debug|Win32.ActiveCfg = Debug|Win32
		{05717819-3C79-4675-92C9-7C77253CA209}.Debug|Win32.Build.0 = Debug|Win32
		{05717819-3C79-4675-92C9-7C77253CA209}.Release|Win32.ActiveCfg = Release|Win32
		{05717819-3C79-4675-92C9-7C77253CA209}.Release|Win32.Build.0 = Release|Win32
		{77F13DDE-2F91-4031-810B-BDCF375D4FB2}.Debug|Win32.ActiveCfg = Debug|Win32
		{77F13DDE-2F91-4031-810B-BDCF375D4FB2}.Debug|Win32.Build.0 = Debug|Win32
		{77F13DDE-2F91-4031-810B-BDCF375D4FB2}.Release|Win32.ActiveCfg = Release|Win32
		{77F13DDE-2F91-4031-810B-BDCF375D4FB2}.Release|Win32.Build.0 = Release|Win32
		{16500D2A-0250-4F17-9890-C411F0F41A5C}.Debug|Win32.ActiveCfg = Debug|Win32
		{16500D2A-0250-4F17-9890-C411F0F41A5C}.Debug|Win32.Build.0 = Debug|Win32
		{16500D2A-0250-4F17-9890-C411F0F41A5C}.Release|Win32.ActiveCfg = Release|Win32
		{16500D2A-0250-4F17-9890-C411F0F41A5C}.Release|Win32.Build.0 = Release|Win32
		{691409A1-B289-4F26-8300-79413789E2D1}.Debug|Win32.ActiveCfg = Debug|Win32
		{691409A1-B289-4F26-8300-79413789E2D1}.Debug|Win32.Build.0 = Debug|Win32
		{691409A1-B289-4F26-8300-79413789E2D1}.Release|Win32.ActiveCfg = Release|Win32
		{691409A1-B289-4F26-8300-79413789E2D1}.Release|Win32.Build.0 = Release|Win32
		{2DC2A4C8-29B7-4F01-B20D-8C88A2CBD6C9}.Debug|Win32.ActiveCfg = Debug|Win32
		{2DC2A4C8-29B7-4F01-B20D-8C88A2CBD6C9}.Debug|Win32.Build.0 = Debug|Win32
		{2DC2A4C8-29B7-4F01-B20D-8C88A2CBD6C9}.Release|Win32.ActiveCfg = Release|Win32
		{2DC2A4C8-29B7-4F01-B20D-8C88A2CBD6C9}.Release|Win32.Build.0 = Release|Win32
		{59E3FA71-B09F-4B22-9EB8-C9914C4C1E6A}.Debug|Win32.ActiveCfg = Debug|Win32
		{59E3FA71-B09F-4B22-9EB8-C9914C4C1E6A}.Debug|Win32.Build.0 = Debug|Win32
		{59E3FA71-B09F-4B22-9EB8-C9914C4C1E6A}.Release|Win32.ActiveCfg = Release|Win32
		{59E3FA71-B09F-4B22-9EB8-C9914C4C1E6A}.Release|Win32.Build.0 = Release|Win32
		{130E8C76-D4C2-488C-ABF0-14D129D3DE31}.Debug|Win32.ActiveCfg = Debug|Win32
		{130E8C76-D4C2-488C-ABF0-14D129D3DE31}.Debug|Win32.Build.0 = Debug|Win32
		{130E8C76-D4C2-488C-ABF0-14D129D3DE31}.Release|Win32.ActiveCfg = Release|Win32
		{130E8C76-D4C2-488C-ABF0-14D129D3DE31}.Release|Win32.Build.0 = Release|Win32
		{6A6CD7FD-0F00-400E-8AFC-6C2A3D6380C8}.Debug|Win32.ActiveCfg = Debug|Win32
		{6A6CD7FD-0F00-400E-8AFC-6C2A3D6380C8}.Debug|Win32.Build.0 = Debug|Win32
		{6A6CD7FD-0F00-400E-8AFC-6C2A3D6380C8}.Release|Win32.ActiveCfg = Release|Win32
		{6A6CD7FD-0F00-400E-8AFC-6C2A3D6380C8}.Release|Win32.Build.0 = Release|Win32
		{413788A3-0A2F-462E-9174-584C3EB2849A}.Debug|Win32.ActiveCfg = Debug|Win32
		{413788A3-0A2F-462E-9174-584C3EB2849A}.Debug|Win32.Build.0 = Debug|Win32
		{413788A3-0A2F-462E-9174-584C3EB2849A}.Release|Win32.ActiveCfg = Release|Win32
		{413788A3-0A2F-462E-9174-584C3EB2849A}.Release|Win32.Build.0 = Release|Win32
		{5A71C97C-4EC3-45A6-B087-CD457143EF84}.Debug|Win32.ActiveCfg = Debug|Win32
		{5A71C97C-4EC3-45A6-B087-CD457143EF84}.Debug|Win32.Build.0 = Debug|Win32
		{5A71C97C-4EC3-45A6-B087-CD457143EF84}.Release|Win32.ActiveCfg = Release|Win32
		{5A71C97C-4EC3-45A6-B087-CD457143EF84}.Release|Win32.Build.0 = Release|Win32
		{61B2B9ED-2F21-44E2-9FDE-BFFB1B03EA13}.Debug|Win32.ActiveCfg = Debug|Win32
		{61B2B9ED-2F21-44E2-9FDE-BFFB1B03EA13}.Debug|Win32.Build.0 = Debug|Win32
		{61B2B9ED-2F21-44E2-9FDE-BFFB1B03EA13}.Release|Win32.ActiveCfg = Release|Win32
		{61B2B9ED-2F21-44E2-9FDE-BFFB1B03EA13}.Release|Win32.Build.0 = Release|Win32
		{677E0C3F-3EE7-44D0-9750-CF521F3E4549}.Debug|Win32.ActiveCfg = Debug|Win32
		{677E0C3F-3EE7-44D0-9750-CF521F3E4549}.Debug|Win32.Build.0 = Debug|Win32
		{677E0C3F-3EE7-44D0-9750-CF521F3E4549}.Release|Win32.ActiveCfg = Release|Win32
		{677E0C3F-3EE7-44D0-9750-CF521F3E4549}.Release|Win32.Build.0 = Release|Win32
		{0A8AB25D-91B9-4942-AF64-D2A721858ED7}.Debug|Win32.ActiveCfg = Debug|Win32
		{0A8AB25D-91B9-4942-AF64-D2A721858ED7}.Debug|Win32.Build.0 = Debug|Win32
		{0A8AB25D-91B9-4942-AF64-D2A721858ED7}.Release|Win32.ActiveCfg = Release|Win32
		{0A8AB25D-91B9-4942-AF64-D2A721858ED7}.Release|Win32.Build.0 = Release|Win32
		{3C0E6A63-AE38-445C-8D97-9253AE26C40D}.Debug|Win32.ActiveCfg = Debug|Win32
		{3C0E6A63-AE38-445C-8D97-9253AE26C40D}.Debug|Win32.Build.0 = Debug|Win32
		{3C0E6A63-AE38-445C-8D97-9253AE26C40D}.Release|Win32.ActiveCfg = Release|Win32
		{3C0E6A63-AE38-445C-8D97-9253AE26C40D}.Release|Win32.Build.0 = Release|Win32
		{20BE1F7D-38CB-4410-84DF-97D160CD2991}.Debug|Win32.ActiveCfg = Debug|Win32
		{20BE1F7D-38CB-4410-84DF-97D160CD2991}.Debug|Win32.Build.0 = Debug|Win32
		{20BE1F7D-38CB-4410-84DF-97D160CD2991}.Release|Win32.ActiveCfg = Release|Win32
		{20BE1F7D-38CB-4410-84DF-97D160CD2991}.Release|Win32.Build.0 = Release|Win32
		{AFF70EF6-3067-40D2-BDAD-A9C64E7ED606}.Debug|Win32.ActiveCfg = Debug|Win32
		{AFF70EF6-3067-40D2-BDAD-A9C64E7ED606}.Debug|Win32.Build.0 = Debug|Win32
		{AFF70EF6-3067-40D2-BDAD-A9C64E7ED606}.Release|Win32.ActiveCfg = Release|Win32
		{AFF70EF6-3067-40D2-BDAD-A9C64E7ED606}.Release|Win32.Build.0 = Release|Win32
		{E0164BC9-F7C3-4921-8D80-DDCE6FAC2DF1}.Debug|Win32.ActiveCfg = Debug|Win32
		{E0164BC9-F7C3-4921-8D80-DDCE6FAC2DF1}.Debug|Win32.Build.0 = Debug|Win32
		{E0164BC9-F7C3-4921-8D80-DDCE6FAC2DF1}.Release|Win32.ActiveCfg = Release|Win32
		{E0164BC9-F7C3-4921-8D80-DDCE6FAC2DF1}.Release|Win32.Build.0 = Release|Win32
		{107909A6-1DFB-4035-956E-D828D1413339}.Debug|Win32.ActiveCfg = Debug|Win32
		{107909A6-1DFB-4035-956E-D828D1413339}.Debug|Win32.Build.0 = Debug|Win32
		{107909A6-1DFB-4035-956E-D828D1413339}.Release|Win32.ActiveCfg = Release|Win32
		{107909A6-1DFB-4035-956E-D828D1413339}.Release|Win32.Build.0 = Release|Win32
	EndGlobalSection
	GlobalSection(SolutionProperties) = preSolution
		HideSolutionNode = FALSE
	EndGlobalSection
	GlobalSection(NestedProjects) = preSolution
		{6E9DDEE7-E574-451B-8EAB-C224F9BB51A1} = {BACA52B1-D365-42D0-9795-8B98CB16FA54}
		{47E62E4D-C40D-4C73-A593-FBAD83C668A5} = {BACA52B1-D365-42D0-9795-8B98CB16FA54}
		{B468B175-E24E-411D-843E-5AD712B18CC6} = {BACA52B1-D365-42D0-9795-8B98CB16FA54}
		{C0953D39-97BD-4BEB-ABCC-658DE88AD366} = {BACA52B1-D365-42D0-9795-8B98CB16FA54}
		{470836BF-A721-467D-BC0F-ED1CEE661476} = {BACA52B1-D365-42D0-9795-8B98CB16FA54}
		{B9F7E971-9A54-49DC-9B5E-FFC113EB8967} = {BACA52B1-D365-42D0-9795-8B98CB16FA54}
		{88AFE98D-BAB3-4629-8580-331D7D0B9C22} = {BACA52B1-D365-42D0-9795-8B98CB16FA54}
		{00BEAB13-BED8-440A-9984-E8A4038AE4DB} = {BACA52B1-D365-42D0-9795-8B98CB16FA54}
		{691409A1-B289-4F26-8300-79413789E2D1} = {066F44B3-2D9D-4CA1-A559-4AD5F36B3519}
		{2DC2A4C8-29B7-4F01-B20D-8C88A2CBD6C9} = {066F44B3-2D9D-4CA1-A559-4AD5F36B3519}
		{59E3FA71-B09F-4B22-9EB8-C9914C4C1E6A} = {066F44B3-2D9D-4CA1-A559-4AD5F36B3519}
		{130E8C76-D4C2-488C-ABF0-14D129D3DE31} = {066F44B3-2D9D-4CA1-A559-4AD5F36B3519}
		{6A6CD7FD-0F00-400E-8AFC-6C2A3D6380C8} = {066F44B3-2D9D-4CA1-A559-4AD5F36B3519}
		{413788A3-0A2F-462E-9174-584C3EB2849A} = {066F44B3-2D9D-4CA1-A559-4AD5F36B3519}
		{5A71C97C-4EC3-45A6-B087-CD457143EF84} = {066F44B3-2D9D-4CA1-A559-4AD5F36B3519}
		{33A8563D-3358-4925-973B-D6517293341F} = {C7176B2A-5C0F-4570-8E2C-EEF119953177}
		{C4C2078E-4F3D-4BC3-AE58-970C9B52438C} = {C7176B2A-5C0F-4570-8E2C-EEF119953177}
		{71799D61-6891-4191-B3DB-49FFE01C05B8} = {C7176B2A-5C0F-4570-8E2C-EEF119953177}
		{D6520D37-47D4-44B6-BB6B-E6BE7030206D} = {C7176B2A-5C0F-4570-8E2C-EEF119953177}
		{8D97800E-4CAB-4182-819B-A1CC7552F2E6} = {C7176B2A-5C0F-4570-8E2C-EEF119953177}
		{F07F1847-A0E5-4A14-A494-57969535A392} = {C7176B2A-5C0F-4570-8E2C-EEF119953177}
		{C875EBCD-529D-4EC1-90F4-A3D43B74F289} = {C7176B2A-5C0F-4570-8E2C-EEF119953177}
		{81415C11-BD80-4944-9F83-1AD83762FC9B} = {C7176B2A-5C0F-4570-8E2C-EEF119953177}
		{914313EB-DA77-4DE8-BD96-CC98FC9C5F5D} = {C7176B2A-5C0F-4570-8E2C-EEF119953177}
		{05717819-3C79-4675-92C9-7C77253CA209} = {C7176B2A-5C0F-4570-8E2C-EEF119953177}
		{77F13DDE-2F91-4031-810B-BDCF375D4FB2} = {C7176B2A-5C0F-4570-8E2C-EEF119953177}
		{16500D2A-0250-4F17-9890-C411F0F41A5C} = {C7176B2A-5C0F-4570-8E2C-EEF119953177}
		{61B2B9ED-2F21-44E2-9FDE-BFFB1B03EA13} = {5802D3A0-EEC9-43D9-9636-DA8067B434D9}
		{677E0C3F-3EE7-44D0-9750-CF521F3E4549} = {5802D3A0-EEC9-43D9-9636-DA8067B434D9}
		{0A8AB25D-91B9-4942-AF64-D2A721858ED7} = {5802D3A0-EEC9-43D9-9636-DA8067B434D9}
		{3C0E6A63-AE38-445C-8D97-9253AE26C40D} = {5802D3A0-EEC9-43D9-9636-DA8067B434D9}
		{20BE1F7D-38CB-4410-84DF-97D160CD2991} = {5802D3A0-EEC9-43D9-9636-DA8067B434D9}
		{AFF70EF6-3067-40D2-BDAD-A9C64E7ED606} = {5802D3A0-EEC9-43D9-9636-DA8067B434D9}
		{E0164BC9-F7C3-4921-8D80-DDCE6FAC2DF1} = {5802D3A0-EEC9-43D9-9636-DA8067B434D9}
		{107909A6-1DFB-4035-956E-D828D1413339} = {5802D3A0-EEC9-43D9-9636-DA8067B434D9}
	EndGlobalSection
EndGlobal
