
Microsoft Visual Studio Solution File, Format Version 12.00
# Visual Studio 2012
Project("{8BC9CEB8-8B4A-11D0-8D11-00A0C91BC942}") = "Bch1-Basic-Head", "Bch1-Basic-Head\Bch1-Basic-Head.vcxproj", "{2BAC9305-C815-43AB-923A-A46BDFB0009C}"
EndProject
Project("{8BC9CEB8-8B4A-11D0-8D11-00A0C91BC942}") = "Bch2-Camera-Light-Shadow", "Bch2-Camera-Light-Shadow\Bch2-Camera-Light-Shadow.vcxproj", "{91EB8684-A744-4DAD-970B-70206897BF7F}"
EndProject
Project("{8BC9CEB8-8B4A-11D0-8D11-00A0C91BC942}") = "Bch3-Terrian-Sky-Fog", "Bch3-Terrian-Sky-Fog\Bch3-Terrian-Sky-Fog.vcxproj", "{080F4ADF-70DC-49B6-AA44-1DE9C6A5E53E}"
EndProject
Project("{8BC9CEB8-8B4A-11D0-8D11-00A0C91BC942}") = "Bch4-Frame-Listeners-Unbuffered-Input", "Bch4-Frame-Listeners-Unbuffered-Input\Bch4-Frame-Listeners-Unbuffered-Input.vcxproj", "{4E4AF702-F6C0-405B-A197-72F5579D5405}"
EndProject
Project("{8BC9CEB8-8B4A-11D0-8D11-00A0C91BC942}") = "Bch5-Buffered-Input", "Bch5-Buffered-Input\Bch5-Buffered-Input.vcxproj", "{C427512F-9BF1-4179-9AD2-637AEB7E9E14}"
EndProject
Project("{8BC9CEB8-8B4A-11D0-8D11-00A0C91BC942}") = "Bch6-Startup-Sequence", "Bch6-Startup-Sequence\Bch6-Startup-Sequence.vcxproj", "{C126BD69-96BD-4283-8494-461C63E226B6}"
EndProject
Project("{8BC9CEB8-8B4A-11D0-8D11-00A0C91BC942}") = "Bch7-CEGUI", "Bch7-CEGUI\Bch7-CEGUI.vcxproj", "{350A7AC0-577D-4CE3-99B8-1A5B179BFA1E}"
EndProject
Project("{8BC9CEB8-8B4A-11D0-8D11-00A0C91BC942}") = "Bch8-Multi-Dual-SceneManagers", "Bch8-Multi-Dual-SceneManagers\Bch8-Multi-Dual-SceneManagers.vcxproj", "{34D09D41-EA70-4896-8478-6706622AD2D2}"
EndProject
Project("{8BC9CEB8-8B4A-11D0-8D11-00A0C91BC942}") = "Mch1-Moving-Rotaing-Animating", "Mch1-Moving-Rotaing-Animating\Mch1-Moving-Rotaing-Animating.vcxproj", "{58C442DB-A9AD-4DA6-A414-BAA9F68BED8F}"
EndProject
Project("{8BC9CEB8-8B4A-11D0-8D11-00A0C91BC942}") = "Mch2-Mouse-Collision-Entities", "Mch2-Mouse-Collision-Entities\Mch2-Mouse-Collision-Entities.vcxproj", "{0BF8A472-934E-44A2-AD6C-BC13C6636033}"
EndProject
Project("{8BC9CEB8-8B4A-11D0-8D11-00A0C91BC942}") = "Mch3-Selecting-Query", "Mch3-Selecting-Query\Mch3-Selecting-Query.vcxproj", "{0E2DAF2E-165B-4C64-8FB1-15B14AC625F4}"
EndProject
Project("{8BC9CEB8-8B4A-11D0-8D11-00A0C91BC942}") = "Mch4-Box-Selecting-Building-Object", "Mch4-Box-Selecting-Building-Object\Mch4-Box-Selecting-Building-Object.vcxproj", "{423B32DB-DE6D-4375-84E1-9FFCDBF20A43}"
EndProject
Project("{8BC9CEB8-8B4A-11D0-8D11-00A0C91BC942}") = "Mch5-Static-Geometry", "Mch5-Static-Geometry\Mch5-Static-Geometry.vcxproj", "{7E7AE894-F693-4CEC-92F5-E66FCB083F14}"
EndProject
Project("{8BC9CEB8-8B4A-11D0-8D11-00A0C91BC942}") = "Mch6-Projective-Decals", "Mch6-Projective-Decals\Mch6-Projective-Decals.vcxproj", "{6F66A09A-803D-4E93-8A7B-F01512A61953}"
EndProject
Project("{8BC9CEB8-8B4A-11D0-8D11-00A0C91BC942}") = "Mch7-Render-To-Texture", "Mch7-Render-To-Texture\Mch7-Render-To-Texture.vcxproj", "{CFC59685-DD19-42DB-A462-DA3A6D81369C}"
EndProject
Project("{8BC9CEB8-8B4A-11D0-8D11-00A0C91BC942}") = "MMch1-Simplest-Beginning", "MMch1-Simplest-Beginning\MMch1-Simplest-Beginning.vcxproj", "{05DFD922-8A67-4811-9DD2-9E87CCD980F9}"
EndProject
Project("{8BC9CEB8-8B4A-11D0-8D11-00A0C91BC942}") = "MMch2-Empty-Scene", "MMch2-Empty-Scene\MMch2-Empty-Scene.vcxproj", "{603EBEF9-650A-4477-B8FD-C8098390BF65}"
EndProject
Project("{8BC9CEB8-8B4A-11D0-8D11-00A0C91BC942}") = "MMch3-Manual-Object-Quad", "MMch3-Manual-Object-Quad\MMch3-Manual-Object-Quad.vcxproj", "{4CED0B99-B225-4129-81DA-EFD7C633161E}"
EndProject
Project("{8BC9CEB8-8B4A-11D0-8D11-00A0C91BC942}") = "MMch4-Manual-Object-To-Mesh", "MMch4-Manual-Object-To-Mesh\MMch4-Manual-Object-To-Mesh.vcxproj", "{04AC433B-B50C-4DC7-A751-33448612A343}"
EndProject
Project("{8BC9CEB8-8B4A-11D0-8D11-00A0C91BC942}") = "MMch5-Basic-Mesh-Loading", "MMch5-Basic-Mesh-Loading\MMch5-Basic-Mesh-Loading.vcxproj", "{E33925A3-C49A-42A4-B158-00DC79F42D3F}"
EndProject
Project("{8BC9CEB8-8B4A-11D0-8D11-00A0C91BC942}") = "MMch6-Basic-Light", "MMch6-Basic-Light\MMch6-Basic-Light.vcxproj", "{EB8EDC01-8ED0-4E6F-8A90-F92B413B60F9}"
EndProject
Project("{8BC9CEB8-8B4A-11D0-8D11-00A0C91BC942}") = "MMch7-Basic-Material-Part1", "MMch7-Basic-Material-Part1\MMch7-Basic-Material-Part1.vcxproj", "{080AFF4C-0BEA-44FB-828D-245F60125892}"
EndProject
Project("{8BC9CEB8-8B4A-11D0-8D11-00A0C91BC942}") = "MMch8-Basic-Material-Part2", "MMch8-Basic-Material-Part2\MMch8-Basic-Material-Part2.vcxproj", "{C6ABAD76-4D00-4D9B-97B4-37DEBDDE9BE3}"
EndProject
Project("{8BC9CEB8-8B4A-11D0-8D11-00A0C91BC942}") = "MMch9-1-Render-To-Texture", "MMch9-Render-To-Texture\MMch9-Render-To-Texture.vcxproj", "{2E97066C-58D2-46EE-B987-03FD64235380}"
EndProject
Project("{8BC9CEB8-8B4A-11D0-8D11-00A0C91BC942}") = "MMch9-2-Render-Texture-To-Itself", "MMch9-2-Render-Texture-To-Itself\MMch9-2-Render-Texture-To-Itself.vcxproj", "{B7E8EA28-A449-417A-961D-0B7B0580BA4D}"
EndProject
Project("{8BC9CEB8-8B4A-11D0-8D11-00A0C91BC942}") = "MMch9-3-Temporary-Texture", "MMch9-3-Temporary-Texture\MMch9-3-Temporary-Texture.vcxproj", "{6A790331-6945-48B2-A00C-B8C1DBB08194}"
EndProject
Project("{8BC9CEB8-8B4A-11D0-8D11-00A0C91BC942}") = "MMch10-Input-OIS", "MMch10-Input-OIS\MMch10-Input-OIS.vcxproj", "{4CA01CE3-FF21-4AD3-8762-17E471C12BB5}"
EndProject
Global
	GlobalSection(SolutionConfigurationPlatforms) = preSolution
		Debug|Win32 = Debug|Win32
		Release|Win32 = Release|Win32
	EndGlobalSection
	GlobalSection(ProjectConfigurationPlatforms) = postSolution
		{2BAC9305-C815-43AB-923A-A46BDFB0009C}.Debug|Win32.ActiveCfg = Debug|Win32
		{2BAC9305-C815-43AB-923A-A46BDFB0009C}.Debug|Win32.Build.0 = Debug|Win32
		{2BAC9305-C815-43AB-923A-A46BDFB0009C}.Release|Win32.ActiveCfg = Release|Win32
		{2BAC9305-C815-43AB-923A-A46BDFB0009C}.Release|Win32.Build.0 = Release|Win32
		{91EB8684-A744-4DAD-970B-70206897BF7F}.Debug|Win32.ActiveCfg = Debug|Win32
		{91EB8684-A744-4DAD-970B-70206897BF7F}.Debug|Win32.Build.0 = Debug|Win32
		{91EB8684-A744-4DAD-970B-70206897BF7F}.Release|Win32.ActiveCfg = Release|Win32
		{91EB8684-A744-4DAD-970B-70206897BF7F}.Release|Win32.Build.0 = Release|Win32
		{080F4ADF-70DC-49B6-AA44-1DE9C6A5E53E}.Debug|Win32.ActiveCfg = Debug|Win32
		{080F4ADF-70DC-49B6-AA44-1DE9C6A5E53E}.Debug|Win32.Build.0 = Debug|Win32
		{080F4ADF-70DC-49B6-AA44-1DE9C6A5E53E}.Release|Win32.ActiveCfg = Release|Win32
		{080F4ADF-70DC-49B6-AA44-1DE9C6A5E53E}.Release|Win32.Build.0 = Release|Win32
		{4E4AF702-F6C0-405B-A197-72F5579D5405}.Debug|Win32.ActiveCfg = Debug|Win32
		{4E4AF702-F6C0-405B-A197-72F5579D5405}.Debug|Win32.Build.0 = Debug|Win32
		{4E4AF702-F6C0-405B-A197-72F5579D5405}.Release|Win32.ActiveCfg = Release|Win32
		{4E4AF702-F6C0-405B-A197-72F5579D5405}.Release|Win32.Build.0 = Release|Win32
		{C427512F-9BF1-4179-9AD2-637AEB7E9E14}.Debug|Win32.ActiveCfg = Debug|Win32
		{C427512F-9BF1-4179-9AD2-637AEB7E9E14}.Debug|Win32.Build.0 = Debug|Win32
		{C427512F-9BF1-4179-9AD2-637AEB7E9E14}.Release|Win32.ActiveCfg = Release|Win32
		{C427512F-9BF1-4179-9AD2-637AEB7E9E14}.Release|Win32.Build.0 = Release|Win32
		{C126BD69-96BD-4283-8494-461C63E226B6}.Debug|Win32.ActiveCfg = Debug|Win32
		{C126BD69-96BD-4283-8494-461C63E226B6}.Debug|Win32.Build.0 = Debug|Win32
		{C126BD69-96BD-4283-8494-461C63E226B6}.Release|Win32.ActiveCfg = Release|Win32
		{C126BD69-96BD-4283-8494-461C63E226B6}.Release|Win32.Build.0 = Release|Win32
		{350A7AC0-577D-4CE3-99B8-1A5B179BFA1E}.Debug|Win32.ActiveCfg = Debug|Win32
		{350A7AC0-577D-4CE3-99B8-1A5B179BFA1E}.Debug|Win32.Build.0 = Debug|Win32
		{350A7AC0-577D-4CE3-99B8-1A5B179BFA1E}.Release|Win32.ActiveCfg = Release|Win32
		{350A7AC0-577D-4CE3-99B8-1A5B179BFA1E}.Release|Win32.Build.0 = Release|Win32
		{34D09D41-EA70-4896-8478-6706622AD2D2}.Debug|Win32.ActiveCfg = Debug|Win32
		{34D09D41-EA70-4896-8478-6706622AD2D2}.Debug|Win32.Build.0 = Debug|Win32
		{34D09D41-EA70-4896-8478-6706622AD2D2}.Release|Win32.ActiveCfg = Release|Win32
		{34D09D41-EA70-4896-8478-6706622AD2D2}.Release|Win32.Build.0 = Release|Win32
		{58C442DB-A9AD-4DA6-A414-BAA9F68BED8F}.Debug|Win32.ActiveCfg = Debug|Win32
		{58C442DB-A9AD-4DA6-A414-BAA9F68BED8F}.Debug|Win32.Build.0 = Debug|Win32
		{58C442DB-A9AD-4DA6-A414-BAA9F68BED8F}.Release|Win32.ActiveCfg = Release|Win32
		{58C442DB-A9AD-4DA6-A414-BAA9F68BED8F}.Release|Win32.Build.0 = Release|Win32
		{0BF8A472-934E-44A2-AD6C-BC13C6636033}.Debug|Win32.ActiveCfg = Debug|Win32
		{0BF8A472-934E-44A2-AD6C-BC13C6636033}.Debug|Win32.Build.0 = Debug|Win32
		{0BF8A472-934E-44A2-AD6C-BC13C6636033}.Release|Win32.ActiveCfg = Release|Win32
		{0BF8A472-934E-44A2-AD6C-BC13C6636033}.Release|Win32.Build.0 = Release|Win32
		{0E2DAF2E-165B-4C64-8FB1-15B14AC625F4}.Debug|Win32.ActiveCfg = Debug|Win32
		{0E2DAF2E-165B-4C64-8FB1-15B14AC625F4}.Debug|Win32.Build.0 = Debug|Win32
		{0E2DAF2E-165B-4C64-8FB1-15B14AC625F4}.Release|Win32.ActiveCfg = Release|Win32
		{0E2DAF2E-165B-4C64-8FB1-15B14AC625F4}.Release|Win32.Build.0 = Release|Win32
		{423B32DB-DE6D-4375-84E1-9FFCDBF20A43}.Debug|Win32.ActiveCfg = Debug|Win32
		{423B32DB-DE6D-4375-84E1-9FFCDBF20A43}.Debug|Win32.Build.0 = Debug|Win32
		{423B32DB-DE6D-4375-84E1-9FFCDBF20A43}.Release|Win32.ActiveCfg = Release|Win32
		{423B32DB-DE6D-4375-84E1-9FFCDBF20A43}.Release|Win32.Build.0 = Release|Win32
		{7E7AE894-F693-4CEC-92F5-E66FCB083F14}.Debug|Win32.ActiveCfg = Debug|Win32
		{7E7AE894-F693-4CEC-92F5-E66FCB083F14}.Debug|Win32.Build.0 = Debug|Win32
		{7E7AE894-F693-4CEC-92F5-E66FCB083F14}.Release|Win32.ActiveCfg = Release|Win32
		{7E7AE894-F693-4CEC-92F5-E66FCB083F14}.Release|Win32.Build.0 = Release|Win32
		{6F66A09A-803D-4E93-8A7B-F01512A61953}.Debug|Win32.ActiveCfg = Debug|Win32
		{6F66A09A-803D-4E93-8A7B-F01512A61953}.Debug|Win32.Build.0 = Debug|Win32
		{6F66A09A-803D-4E93-8A7B-F01512A61953}.Release|Win32.ActiveCfg = Release|Win32
		{6F66A09A-803D-4E93-8A7B-F01512A61953}.Release|Win32.Build.0 = Release|Win32
		{CFC59685-DD19-42DB-A462-DA3A6D81369C}.Debug|Win32.ActiveCfg = Debug|Win32
		{CFC59685-DD19-42DB-A462-DA3A6D81369C}.Debug|Win32.Build.0 = Debug|Win32
		{CFC59685-DD19-42DB-A462-DA3A6D81369C}.Release|Win32.ActiveCfg = Release|Win32
		{CFC59685-DD19-42DB-A462-DA3A6D81369C}.Release|Win32.Build.0 = Release|Win32
		{05DFD922-8A67-4811-9DD2-9E87CCD980F9}.Debug|Win32.ActiveCfg = Debug|Win32
		{05DFD922-8A67-4811-9DD2-9E87CCD980F9}.Debug|Win32.Build.0 = Debug|Win32
		{05DFD922-8A67-4811-9DD2-9E87CCD980F9}.Release|Win32.ActiveCfg = Release|Win32
		{05DFD922-8A67-4811-9DD2-9E87CCD980F9}.Release|Win32.Build.0 = Release|Win32
		{603EBEF9-650A-4477-B8FD-C8098390BF65}.Debug|Win32.ActiveCfg = Debug|Win32
		{603EBEF9-650A-4477-B8FD-C8098390BF65}.Debug|Win32.Build.0 = Debug|Win32
		{603EBEF9-650A-4477-B8FD-C8098390BF65}.Release|Win32.ActiveCfg = Release|Win32
		{603EBEF9-650A-4477-B8FD-C8098390BF65}.Release|Win32.Build.0 = Release|Win32
		{4CED0B99-B225-4129-81DA-EFD7C633161E}.Debug|Win32.ActiveCfg = Debug|Win32
		{4CED0B99-B225-4129-81DA-EFD7C633161E}.Debug|Win32.Build.0 = Debug|Win32
		{4CED0B99-B225-4129-81DA-EFD7C633161E}.Release|Win32.ActiveCfg = Release|Win32
		{4CED0B99-B225-4129-81DA-EFD7C633161E}.Release|Win32.Build.0 = Release|Win32
		{04AC433B-B50C-4DC7-A751-33448612A343}.Debug|Win32.ActiveCfg = Debug|Win32
		{04AC433B-B50C-4DC7-A751-33448612A343}.Debug|Win32.Build.0 = Debug|Win32
		{04AC433B-B50C-4DC7-A751-33448612A343}.Release|Win32.ActiveCfg = Release|Win32
		{04AC433B-B50C-4DC7-A751-33448612A343}.Release|Win32.Build.0 = Release|Win32
		{E33925A3-C49A-42A4-B158-00DC79F42D3F}.Debug|Win32.ActiveCfg = Debug|Win32
		{E33925A3-C49A-42A4-B158-00DC79F42D3F}.Debug|Win32.Build.0 = Debug|Win32
		{E33925A3-C49A-42A4-B158-00DC79F42D3F}.Release|Win32.ActiveCfg = Release|Win32
		{E33925A3-C49A-42A4-B158-00DC79F42D3F}.Release|Win32.Build.0 = Release|Win32
		{EB8EDC01-8ED0-4E6F-8A90-F92B413B60F9}.Debug|Win32.ActiveCfg = Debug|Win32
		{EB8EDC01-8ED0-4E6F-8A90-F92B413B60F9}.Debug|Win32.Build.0 = Debug|Win32
		{EB8EDC01-8ED0-4E6F-8A90-F92B413B60F9}.Release|Win32.ActiveCfg = Release|Win32
		{EB8EDC01-8ED0-4E6F-8A90-F92B413B60F9}.Release|Win32.Build.0 = Release|Win32
		{080AFF4C-0BEA-44FB-828D-245F60125892}.Debug|Win32.ActiveCfg = Debug|Win32
		{080AFF4C-0BEA-44FB-828D-245F60125892}.Debug|Win32.Build.0 = Debug|Win32
		{080AFF4C-0BEA-44FB-828D-245F60125892}.Release|Win32.ActiveCfg = Release|Win32
		{080AFF4C-0BEA-44FB-828D-245F60125892}.Release|Win32.Build.0 = Release|Win32
		{C6ABAD76-4D00-4D9B-97B4-37DEBDDE9BE3}.Debug|Win32.ActiveCfg = Debug|Win32
		{C6ABAD76-4D00-4D9B-97B4-37DEBDDE9BE3}.Debug|Win32.Build.0 = Debug|Win32
		{C6ABAD76-4D00-4D9B-97B4-37DEBDDE9BE3}.Release|Win32.ActiveCfg = Release|Win32
		{C6ABAD76-4D00-4D9B-97B4-37DEBDDE9BE3}.Release|Win32.Build.0 = Release|Win32
		{2E97066C-58D2-46EE-B987-03FD64235380}.Debug|Win32.ActiveCfg = Debug|Win32
		{2E97066C-58D2-46EE-B987-03FD64235380}.Debug|Win32.Build.0 = Debug|Win32
		{2E97066C-58D2-46EE-B987-03FD64235380}.Release|Win32.ActiveCfg = Release|Win32
		{2E97066C-58D2-46EE-B987-03FD64235380}.Release|Win32.Build.0 = Release|Win32
		{B7E8EA28-A449-417A-961D-0B7B0580BA4D}.Debug|Win32.ActiveCfg = Debug|Win32
		{B7E8EA28-A449-417A-961D-0B7B0580BA4D}.Debug|Win32.Build.0 = Debug|Win32
		{B7E8EA28-A449-417A-961D-0B7B0580BA4D}.Release|Win32.ActiveCfg = Release|Win32
		{B7E8EA28-A449-417A-961D-0B7B0580BA4D}.Release|Win32.Build.0 = Release|Win32
		{6A790331-6945-48B2-A00C-B8C1DBB08194}.Debug|Win32.ActiveCfg = Debug|Win32
		{6A790331-6945-48B2-A00C-B8C1DBB08194}.Debug|Win32.Build.0 = Debug|Win32
		{6A790331-6945-48B2-A00C-B8C1DBB08194}.Release|Win32.ActiveCfg = Release|Win32
		{6A790331-6945-48B2-A00C-B8C1DBB08194}.Release|Win32.Build.0 = Release|Win32
		{4CA01CE3-FF21-4AD3-8762-17E471C12BB5}.Debug|Win32.ActiveCfg = Debug|Win32
		{4CA01CE3-FF21-4AD3-8762-17E471C12BB5}.Debug|Win32.Build.0 = Debug|Win32
		{4CA01CE3-FF21-4AD3-8762-17E471C12BB5}.Release|Win32.ActiveCfg = Release|Win32
		{4CA01CE3-FF21-4AD3-8762-17E471C12BB5}.Release|Win32.Build.0 = Release|Win32
	EndGlobalSection
	GlobalSection(SolutionProperties) = preSolution
		HideSolutionNode = FALSE
	EndGlobalSection
EndGlobal
